
Microsoft Visual Studio Solution File, Format Version 12.00
# Visual Studio Version 17
VisualStudioVersion = 17.4.33213.308
MinimumVisualStudioVersion = 10.0.40219.1
Project("{FAE04EC0-301F-11D3-BF4B-00C04F79EFBC}") = "BlazorEcommerceTut.Server", "BlazorEcommerceTut\Server\BlazorEcommerceTut.Server.csproj", "{AE686CDD-6945-46EF-8134-59724EB093EE}"
EndProject
Project("{FAE04EC0-301F-11D3-BF4B-00C04F79EFBC}") = "BlazorEcommerceTut.Client", "BlazorEcommerceTut\Client\BlazorEcommerceTut.Client.csproj", "{0B05AAAF-BBBE-4757-8D66-EC8C0019ED75}"
EndProject
Project("{FAE04EC0-301F-11D3-BF4B-00C04F79EFBC}") = "BlazorEcommerceTut.Shared", "BlazorEcommerceTut\Shared\BlazorEcommerceTut.Shared.csproj", "{B3377654-48B9-4359-9D76-8D55E4A3A41A}"
EndProject
Global
	GlobalSection(SolutionConfigurationPlatforms) = preSolution
		Debug|Any CPU = Debug|Any CPU
		Release|Any CPU = Release|Any CPU
	EndGlobalSection
	GlobalSection(ProjectConfigurationPlatforms) = postSolution
		{AE686CDD-6945-46EF-8134-59724EB093EE}.Debug|Any CPU.ActiveCfg = Debug|Any CPU
		{AE686CDD-6945-46EF-8134-59724EB093EE}.Debug|Any CPU.Build.0 = Debug|Any CPU
		{AE686CDD-6945-46EF-8134-59724EB093EE}.Release|Any CPU.ActiveCfg = Release|Any CPU
		{AE686CDD-6945-46EF-8134-59724EB093EE}.Release|Any CPU.Build.0 = Release|Any CPU
		{0B05AAAF-BBBE-4757-8D66-EC8C0019ED75}.Debug|Any CPU.ActiveCfg = Debug|Any CPU
		{0B05AAAF-BBBE-4757-8D66-EC8C0019ED75}.Debug|Any CPU.Build.0 = Debug|Any CPU
		{0B05AAAF-BBBE-4757-8D66-EC8C0019ED75}.Release|Any CPU.ActiveCfg = Release|Any CPU
		{0B05AAAF-BBBE-4757-8D66-EC8C0019ED75}.Release|Any CPU.Build.0 = Release|Any CPU
		{B3377654-48B9-4359-9D76-8D55E4A3A41A}.Debug|Any CPU.ActiveCfg = Debug|Any CPU
		{B3377654-48B9-4359-9D76-8D55E4A3A41A}.Debug|Any CPU.Build.0 = Debug|Any CPU
		{B3377654-48B9-4359-9D76-8D55E4A3A41A}.Release|Any CPU.ActiveCfg = Release|Any CPU
		{B3377654-48B9-4359-9D76-8D55E4A3A41A}.Release|Any CPU.Build.0 = Release|Any CPU
	EndGlobalSection
	GlobalSection(SolutionProperties) = preSolution
		HideSolutionNode = FALSE
	EndGlobalSection
	GlobalSection(ExtensibilityGlobals) = postSolution
		SolutionGuid = {B28B59D5-77EE-4105-98F9-A3B5F68B5BD4}
	EndGlobalSection
EndGlobal
